
Microsoft Visual Studio Solution File, Format Version 12.00
# Visual Studio Version 16
VisualStudioVersion = 16.0.30804.86
MinimumVisualStudioVersion = 10.0.40219.1
Project("{9A19103F-16F7-4668-BE54-9A1E7A4F7556}") = "HackerRankProblemSolving", "HackerRankProblemSolving\HackerRankProblemSolving.csproj", "{19D1EFED-A415-47D8-85DE-50575A83BEB8}"
EndProject
Project("{9A19103F-16F7-4668-BE54-9A1E7A4F7556}") = "BreakingTheRecords", "BreakingTheRecords\BreakingTheRecords.csproj", "{B4C6DEC2-3356-4A1E-9FD6-58421245402E}"
EndProject
Project("{9A19103F-16F7-4668-BE54-9A1E7A4F7556}") = "DivisibleSumPairs", "DivisibleSumPairs\DivisibleSumPairs.csproj", "{99531C58-DA5B-4626-936E-321872D62BDE}"
EndProject
Project("{9A19103F-16F7-4668-BE54-9A1E7A4F7556}") = "DiagonalDifference", "DiagonalDifference\DiagonalDifference.csproj", "{3DC112E0-E56D-428C-8335-91D7AA5FD119}"
EndProject
Project("{9A19103F-16F7-4668-BE54-9A1E7A4F7556}") = "ExtraLongFactorials", "ExtraLongFactorials\ExtraLongFactorials.csproj", "{AC866826-1325-4D42-9DFD-E228E3459A91}"
EndProject
Project("{9A19103F-16F7-4668-BE54-9A1E7A4F7556}") = "UtopianTree", "UtopianTree\UtopianTree.csproj", "{E0653A60-865D-4285-9AB0-CA305C869A47}"
EndProject
Project("{9A19103F-16F7-4668-BE54-9A1E7A4F7556}") = "AngryProfessor", "AngryProfessor\AngryProfessor.csproj", "{400EFB1A-F4ED-472B-B8EF-A515EACE5C1A}"
EndProject
Project("{9A19103F-16F7-4668-BE54-9A1E7A4F7556}") = "FindDigits", "FindDigits\FindDigits.csproj", "{9213F1A6-A4F6-4A7F-AB65-CF8249EAC2F2}"
EndProject
Project("{9A19103F-16F7-4668-BE54-9A1E7A4F7556}") = "CutTheSticks", "CutTheSticks\CutTheSticks.csproj", "{6B181314-137B-4197-B06A-EFF30E3B3F5C}"
EndProject
Project("{9A19103F-16F7-4668-BE54-9A1E7A4F7556}") = "Kangaroo", "Kangaroo\Kangaroo.csproj", "{45B7D434-54EE-4A34-AB0E-5761EF81A9D9}"
EndProject
Project("{9A19103F-16F7-4668-BE54-9A1E7A4F7556}") = "ElectronicsShop", "ElectronicsShop\ElectronicsShop.csproj", "{7E52E864-1136-45EA-9517-70B065C0D135}"
EndProject
Project("{9A19103F-16F7-4668-BE54-9A1E7A4F7556}") = "ViralAdvertising", "ViralAdvertising\ViralAdvertising.csproj", "{5036076C-F754-4CCD-A3F8-05953EF32957}"
EndProject
Project("{9A19103F-16F7-4668-BE54-9A1E7A4F7556}") = "FormingAMagicSquare", "FormingAMagicSquare\FormingAMagicSquare.csproj", "{C28B8ED9-278F-44DF-A591-203CDFD5D85E}"
EndProject
Project("{9A19103F-16F7-4668-BE54-9A1E7A4F7556}") = "Game16", "Game16\Game16.csproj", "{2D05FB6F-BD76-4034-B36E-DAEFD224881C}"
EndProject
Project("{FAE04EC0-301F-11D3-BF4B-00C04F79EFBC}") = "BeautifulDaysattheMovies", "BeautifulDaysattheMovies\BeautifulDaysattheMovies.csproj", "{F5747A65-86C4-4F2D-9C49-A70EB4ECA893}"
EndProject
Project("{FAE04EC0-301F-11D3-BF4B-00C04F79EFBC}") = "TheTimeinWords", "TheTimeinWords\TheTimeinWords.csproj", "{6F78E57D-1594-4F86-92C0-2E610DE7B941}"
EndProject
Global
	GlobalSection(SolutionConfigurationPlatforms) = preSolution
		Debug|Any CPU = Debug|Any CPU
		Release|Any CPU = Release|Any CPU
	EndGlobalSection
	GlobalSection(ProjectConfigurationPlatforms) = postSolution
		{19D1EFED-A415-47D8-85DE-50575A83BEB8}.Debug|Any CPU.ActiveCfg = Debug|Any CPU
		{19D1EFED-A415-47D8-85DE-50575A83BEB8}.Debug|Any CPU.Build.0 = Debug|Any CPU
		{19D1EFED-A415-47D8-85DE-50575A83BEB8}.Release|Any CPU.ActiveCfg = Release|Any CPU
		{19D1EFED-A415-47D8-85DE-50575A83BEB8}.Release|Any CPU.Build.0 = Release|Any CPU
		{B4C6DEC2-3356-4A1E-9FD6-58421245402E}.Debug|Any CPU.ActiveCfg = Debug|Any CPU
		{B4C6DEC2-3356-4A1E-9FD6-58421245402E}.Debug|Any CPU.Build.0 = Debug|Any CPU
		{B4C6DEC2-3356-4A1E-9FD6-58421245402E}.Release|Any CPU.ActiveCfg = Release|Any CPU
		{B4C6DEC2-3356-4A1E-9FD6-58421245402E}.Release|Any CPU.Build.0 = Release|Any CPU
		{99531C58-DA5B-4626-936E-321872D62BDE}.Debug|Any CPU.ActiveCfg = Debug|Any CPU
		{99531C58-DA5B-4626-936E-321872D62BDE}.Debug|Any CPU.Build.0 = Debug|Any CPU
		{99531C58-DA5B-4626-936E-321872D62BDE}.Release|Any CPU.ActiveCfg = Release|Any CPU
		{99531C58-DA5B-4626-936E-321872D62BDE}.Release|Any CPU.Build.0 = Release|Any CPU
		{3DC112E0-E56D-428C-8335-91D7AA5FD119}.Debug|Any CPU.ActiveCfg = Debug|Any CPU
		{3DC112E0-E56D-428C-8335-91D7AA5FD119}.Debug|Any CPU.Build.0 = Debug|Any CPU
		{3DC112E0-E56D-428C-8335-91D7AA5FD119}.Release|Any CPU.ActiveCfg = Release|Any CPU
		{3DC112E0-E56D-428C-8335-91D7AA5FD119}.Release|Any CPU.Build.0 = Release|Any CPU
		{AC866826-1325-4D42-9DFD-E228E3459A91}.Debug|Any CPU.ActiveCfg = Debug|Any CPU
		{AC866826-1325-4D42-9DFD-E228E3459A91}.Debug|Any CPU.Build.0 = Debug|Any CPU
		{AC866826-1325-4D42-9DFD-E228E3459A91}.Release|Any CPU.ActiveCfg = Release|Any CPU
		{AC866826-1325-4D42-9DFD-E228E3459A91}.Release|Any CPU.Build.0 = Release|Any CPU
		{E0653A60-865D-4285-9AB0-CA305C869A47}.Debug|Any CPU.ActiveCfg = Debug|Any CPU
		{E0653A60-865D-4285-9AB0-CA305C869A47}.Debug|Any CPU.Build.0 = Debug|Any CPU
		{E0653A60-865D-4285-9AB0-CA305C869A47}.Release|Any CPU.ActiveCfg = Release|Any CPU
		{E0653A60-865D-4285-9AB0-CA305C869A47}.Release|Any CPU.Build.0 = Release|Any CPU
		{400EFB1A-F4ED-472B-B8EF-A515EACE5C1A}.Debug|Any CPU.ActiveCfg = Debug|Any CPU
		{400EFB1A-F4ED-472B-B8EF-A515EACE5C1A}.Debug|Any CPU.Build.0 = Debug|Any CPU
		{400EFB1A-F4ED-472B-B8EF-A515EACE5C1A}.Release|Any CPU.ActiveCfg = Release|Any CPU
		{400EFB1A-F4ED-472B-B8EF-A515EACE5C1A}.Release|Any CPU.Build.0 = Release|Any CPU
		{9213F1A6-A4F6-4A7F-AB65-CF8249EAC2F2}.Debug|Any CPU.ActiveCfg = Debug|Any CPU
		{9213F1A6-A4F6-4A7F-AB65-CF8249EAC2F2}.Debug|Any CPU.Build.0 = Debug|Any CPU
		{9213F1A6-A4F6-4A7F-AB65-CF8249EAC2F2}.Release|Any CPU.ActiveCfg = Release|Any CPU
		{9213F1A6-A4F6-4A7F-AB65-CF8249EAC2F2}.Release|Any CPU.Build.0 = Release|Any CPU
		{6B181314-137B-4197-B06A-EFF30E3B3F5C}.Debug|Any CPU.ActiveCfg = Debug|Any CPU
		{6B181314-137B-4197-B06A-EFF30E3B3F5C}.Debug|Any CPU.Build.0 = Debug|Any CPU
		{6B181314-137B-4197-B06A-EFF30E3B3F5C}.Release|Any CPU.ActiveCfg = Release|Any CPU
		{6B181314-137B-4197-B06A-EFF30E3B3F5C}.Release|Any CPU.Build.0 = Release|Any CPU
		{45B7D434-54EE-4A34-AB0E-5761EF81A9D9}.Debug|Any CPU.ActiveCfg = Debug|Any CPU
		{45B7D434-54EE-4A34-AB0E-5761EF81A9D9}.Debug|Any CPU.Build.0 = Debug|Any CPU
		{45B7D434-54EE-4A34-AB0E-5761EF81A9D9}.Release|Any CPU.ActiveCfg = Release|Any CPU
		{45B7D434-54EE-4A34-AB0E-5761EF81A9D9}.Release|Any CPU.Build.0 = Release|Any CPU
		{7E52E864-1136-45EA-9517-70B065C0D135}.Debug|Any CPU.ActiveCfg = Debug|Any CPU
		{7E52E864-1136-45EA-9517-70B065C0D135}.Debug|Any CPU.Build.0 = Debug|Any CPU
		{7E52E864-1136-45EA-9517-70B065C0D135}.Release|Any CPU.ActiveCfg = Release|Any CPU
		{7E52E864-1136-45EA-9517-70B065C0D135}.Release|Any CPU.Build.0 = Release|Any CPU
		{5036076C-F754-4CCD-A3F8-05953EF32957}.Debug|Any CPU.ActiveCfg = Debug|Any CPU
		{5036076C-F754-4CCD-A3F8-05953EF32957}.Debug|Any CPU.Build.0 = Debug|Any CPU
		{5036076C-F754-4CCD-A3F8-05953EF32957}.Release|Any CPU.ActiveCfg = Release|Any CPU
		{5036076C-F754-4CCD-A3F8-05953EF32957}.Release|Any CPU.Build.0 = Release|Any CPU
		{C28B8ED9-278F-44DF-A591-203CDFD5D85E}.Debug|Any CPU.ActiveCfg = Debug|Any CPU
		{C28B8ED9-278F-44DF-A591-203CDFD5D85E}.Debug|Any CPU.Build.0 = Debug|Any CPU
		{C28B8ED9-278F-44DF-A591-203CDFD5D85E}.Release|Any CPU.ActiveCfg = Release|Any CPU
		{C28B8ED9-278F-44DF-A591-203CDFD5D85E}.Release|Any CPU.Build.0 = Release|Any CPU
		{2D05FB6F-BD76-4034-B36E-DAEFD224881C}.Debug|Any CPU.ActiveCfg = Debug|Any CPU
		{2D05FB6F-BD76-4034-B36E-DAEFD224881C}.Debug|Any CPU.Build.0 = Debug|Any CPU
		{2D05FB6F-BD76-4034-B36E-DAEFD224881C}.Release|Any CPU.ActiveCfg = Release|Any CPU
		{2D05FB6F-BD76-4034-B36E-DAEFD224881C}.Release|Any CPU.Build.0 = Release|Any CPU
		{F5747A65-86C4-4F2D-9C49-A70EB4ECA893}.Debug|Any CPU.ActiveCfg = Debug|Any CPU
		{F5747A65-86C4-4F2D-9C49-A70EB4ECA893}.Debug|Any CPU.Build.0 = Debug|Any CPU
		{F5747A65-86C4-4F2D-9C49-A70EB4ECA893}.Release|Any CPU.ActiveCfg = Release|Any CPU
		{F5747A65-86C4-4F2D-9C49-A70EB4ECA893}.Release|Any CPU.Build.0 = Release|Any CPU
		{6F78E57D-1594-4F86-92C0-2E610DE7B941}.Debug|Any CPU.ActiveCfg = Debug|Any CPU
		{6F78E57D-1594-4F86-92C0-2E610DE7B941}.Debug|Any CPU.Build.0 = Debug|Any CPU
		{6F78E57D-1594-4F86-92C0-2E610DE7B941}.Release|Any CPU.ActiveCfg = Release|Any CPU
		{6F78E57D-1594-4F86-92C0-2E610DE7B941}.Release|Any CPU.Build.0 = Release|Any CPU
	EndGlobalSection
	GlobalSection(SolutionProperties) = preSolution
		HideSolutionNode = FALSE
	EndGlobalSection
	GlobalSection(ExtensibilityGlobals) = postSolution
		SolutionGuid = {CB76E0D7-9A0E-4AA6-A49A-E1A8496739B3}
	EndGlobalSection
EndGlobal
